{
  "requires": true,
  "lockfileVersion": 1,
  "dependencies": {
    "sass-rem": {
      "version": "2.0.0",
      "resolved": "https://registry.npmjs.org/sass-rem/-/sass-rem-2.0.0.tgz",
      "integrity": "sha512-myynGcl0HpLp1NbC/Ntc8Rp47/5cwVNrZJ2T25pnR08foTL2qsxkGIVG5Lt27rhA0SdV0Qn8KkL79oG7zXdV8A=="
    }
  }
}
